
Microsoft Visual Studio Solution File, Format Version 12.00
# Visual Studio Version 17
VisualStudioVersion = 17.0.31903.59
MinimumVisualStudioVersion = 10.0.40219.1
Project("{2150E333-8FDC-42A3-9474-1A3956D46DE8}") = "src", "src", "{B55E2DB3-704E-4B13-B239-3B48A484307E}"
EndProject
Project("{FAE04EC0-301F-11D3-BF4B-00C04F79EFBC}") = "Kyara.Api", "src\Kyara.Api\Kyara.Api.csproj", "{692E72DF-4485-419C-B937-379F8062AD8E}"
EndProject
Project("{FAE04EC0-301F-11D3-BF4B-00C04F79EFBC}") = "Kyara.Contracts", "src\Kyara.Contracts\Kyara.Contracts.csproj", "{427CF1EC-199E-484C-BDA0-F62C985491A9}"
EndProject
Global
	GlobalSection(SolutionConfigurationPlatforms) = preSolution
		Debug|Any CPU = Debug|Any CPU
		Release|Any CPU = Release|Any CPU
	EndGlobalSection
	GlobalSection(SolutionProperties) = preSolution
		HideSolutionNode = FALSE
	EndGlobalSection
	GlobalSection(ProjectConfigurationPlatforms) = postSolution
		{692E72DF-4485-419C-B937-379F8062AD8E}.Debug|Any CPU.ActiveCfg = Debug|Any CPU
		{692E72DF-4485-419C-B937-379F8062AD8E}.Debug|Any CPU.Build.0 = Debug|Any CPU
		{692E72DF-4485-419C-B937-379F8062AD8E}.Release|Any CPU.ActiveCfg = Release|Any CPU
		{692E72DF-4485-419C-B937-379F8062AD8E}.Release|Any CPU.Build.0 = Release|Any CPU
		{427CF1EC-199E-484C-BDA0-F62C985491A9}.Debug|Any CPU.ActiveCfg = Debug|Any CPU
		{427CF1EC-199E-484C-BDA0-F62C985491A9}.Debug|Any CPU.Build.0 = Debug|Any CPU
		{427CF1EC-199E-484C-BDA0-F62C985491A9}.Release|Any CPU.ActiveCfg = Release|Any CPU
		{427CF1EC-199E-484C-BDA0-F62C985491A9}.Release|Any CPU.Build.0 = Release|Any CPU
	EndGlobalSection
	GlobalSection(NestedProjects) = preSolution
		{692E72DF-4485-419C-B937-379F8062AD8E} = {B55E2DB3-704E-4B13-B239-3B48A484307E}
		{427CF1EC-199E-484C-BDA0-F62C985491A9} = {B55E2DB3-704E-4B13-B239-3B48A484307E}
	EndGlobalSection
EndGlobal
